// !$*UTF8*$!
{
	archiveVersion = 1;
	classes = {
	};
	objectVersion = 50;
	objects = {

/* Begin PBXBuildFile section */
		6746418F2116971500FD5183 /* ServiceProviderProtocol.swift in Sources */ = {isa = PBXBuildFile; fileRef = 6746418E2116971500FD5183 /* ServiceProviderProtocol.swift */; };
		674641912116981400FD5183 /* SessionHandler.swift in Sources */ = {isa = PBXBuildFile; fileRef = 674641902116981400FD5183 /* SessionHandler.swift */; };
		674641932116984100FD5183 /* ServiceError.swift in Sources */ = {isa = PBXBuildFile; fileRef = 674641922116984100FD5183 /* ServiceError.swift */; };
		67464196211698D900FD5183 /* Movie.swift in Sources */ = {isa = PBXBuildFile; fileRef = 67464195211698D900FD5183 /* Movie.swift */; };
		67464198211698E400FD5183 /* Genre.swift in Sources */ = {isa = PBXBuildFile; fileRef = 67464197211698E400FD5183 /* Genre.swift */; };
		6746419A2116992A00FD5183 /* URLSessionExtension.swift in Sources */ = {isa = PBXBuildFile; fileRef = 674641992116992A00FD5183 /* URLSessionExtension.swift */; };
		6746419C21169B2800FD5183 /* MoviesServiceProvider.swift in Sources */ = {isa = PBXBuildFile; fileRef = 6746419B21169B2800FD5183 /* MoviesServiceProvider.swift */; };
		6746419E2116A22C00FD5183 /* Movies.swift in Sources */ = {isa = PBXBuildFile; fileRef = 6746419D2116A22C00FD5183 /* Movies.swift */; };
		674641A42116A72000FD5183 /* ConfigServiceProvider.swift in Sources */ = {isa = PBXBuildFile; fileRef = 674641A32116A72000FD5183 /* ConfigServiceProvider.swift */; };
		675276A621114645001FB501 /* AppDelegate.swift in Sources */ = {isa = PBXBuildFile; fileRef = 675276A521114645001FB501 /* AppDelegate.swift */; };
		675276AB21114645001FB501 /* Main.storyboard in Resources */ = {isa = PBXBuildFile; fileRef = 675276A921114645001FB501 /* Main.storyboard */; };
		675276AD21114647001FB501 /* Assets.xcassets in Resources */ = {isa = PBXBuildFile; fileRef = 675276AC21114647001FB501 /* Assets.xcassets */; };
		675276B021114647001FB501 /* LaunchScreen.storyboard in Resources */ = {isa = PBXBuildFile; fileRef = 675276AE21114647001FB501 /* LaunchScreen.storyboard */; };
		675276BB21114647001FB501 /* MobileDBTests.swift in Sources */ = {isa = PBXBuildFile; fileRef = 675276BA21114647001FB501 /* MobileDBTests.swift */; };
		67A0B5222115DE5D00C8C82C /* AppSettings.plist in Resources */ = {isa = PBXBuildFile; fileRef = 67A0B5212115DE5D00C8C82C /* AppSettings.plist */; };
		67A0B5272115E17900C8C82C /* RequestableAPI.swift in Sources */ = {isa = PBXBuildFile; fileRef = 67A0B5262115E17900C8C82C /* RequestableAPI.swift */; };
		67A0B52E2115E2DC00C8C82C /* MoviesAPI.swift in Sources */ = {isa = PBXBuildFile; fileRef = 67A0B52D2115E2DC00C8C82C /* MoviesAPI.swift */; };
		67A0B5302115ED3400C8C82C /* Settings.swift in Sources */ = {isa = PBXBuildFile; fileRef = 67A0B52F2115ED3400C8C82C /* Settings.swift */; };
		67A0B539211636D200C8C82C /* DictionaryExtension.swift in Sources */ = {isa = PBXBuildFile; fileRef = 67A0B538211636D200C8C82C /* DictionaryExtension.swift */; };
		67A0B53D2116399900C8C82C /* MoviesAPITest.swift in Sources */ = {isa = PBXBuildFile; fileRef = 67A0B53C2116399900C8C82C /* MoviesAPITest.swift */; };
		7BE2229B6CBD0DD91A07B04C /* Pods_MobileDB.framework in Frameworks */ = {isa = PBXBuildFile; fileRef = 0B66FCDE15C64E6F21BB8A51 /* Pods_MobileDB.framework */; };
		A27FA5784BD720E9A51FBADC /* Pods_MobileDBTests.framework in Frameworks */ = {isa = PBXBuildFile; fileRef = 241728D2E0E19A67978BC526 /* Pods_MobileDBTests.framework */; };
/* End PBXBuildFile section */

/* Begin PBXContainerItemProxy section */
		675276B721114647001FB501 /* PBXContainerItemProxy */ = {
			isa = PBXContainerItemProxy;
			containerPortal = 6752769A21114644001FB501 /* Project object */;
			proxyType = 1;
			remoteGlobalIDString = 675276A121114644001FB501;
			remoteInfo = MobileDB;
		};
/* End PBXContainerItemProxy section */

/* Begin PBXFileReference section */
		0043DC569E73B9D2F1CFD7B4 /* Pods-MobileDB.debug.xcconfig */ = {isa = PBXFileReference; includeInIndex = 1; lastKnownFileType = text.xcconfig; name = "Pods-MobileDB.debug.xcconfig"; path = "Pods/Target Support Files/Pods-MobileDB/Pods-MobileDB.debug.xcconfig"; sourceTree = "<group>"; };
		0B66FCDE15C64E6F21BB8A51 /* Pods_MobileDB.framework */ = {isa = PBXFileReference; explicitFileType = wrapper.framework; includeInIndex = 0; path = Pods_MobileDB.framework; sourceTree = BUILT_PRODUCTS_DIR; };
		241728D2E0E19A67978BC526 /* Pods_MobileDBTests.framework */ = {isa = PBXFileReference; explicitFileType = wrapper.framework; includeInIndex = 0; path = Pods_MobileDBTests.framework; sourceTree = BUILT_PRODUCTS_DIR; };
		338E461EDC8B4319FAAB09F5 /* Pods-MobileDB.release.xcconfig */ = {isa = PBXFileReference; includeInIndex = 1; lastKnownFileType = text.xcconfig; name = "Pods-MobileDB.release.xcconfig"; path = "Pods/Target Support Files/Pods-MobileDB/Pods-MobileDB.release.xcconfig"; sourceTree = "<group>"; };
		36CA5800DB188ECB6CDBD711 /* Pods-MobileDBTests.release.xcconfig */ = {isa = PBXFileReference; includeInIndex = 1; lastKnownFileType = text.xcconfig; name = "Pods-MobileDBTests.release.xcconfig"; path = "Pods/Target Support Files/Pods-MobileDBTests/Pods-MobileDBTests.release.xcconfig"; sourceTree = "<group>"; };
		6746418E2116971500FD5183 /* ServiceProviderProtocol.swift */ = {isa = PBXFileReference; lastKnownFileType = sourcecode.swift; path = ServiceProviderProtocol.swift; sourceTree = "<group>"; };
		674641902116981400FD5183 /* SessionHandler.swift */ = {isa = PBXFileReference; lastKnownFileType = sourcecode.swift; path = SessionHandler.swift; sourceTree = "<group>"; };
		674641922116984100FD5183 /* ServiceError.swift */ = {isa = PBXFileReference; lastKnownFileType = sourcecode.swift; path = ServiceError.swift; sourceTree = "<group>"; };
		67464195211698D900FD5183 /* Movie.swift */ = {isa = PBXFileReference; lastKnownFileType = sourcecode.swift; path = Movie.swift; sourceTree = "<group>"; };
		67464197211698E400FD5183 /* Genre.swift */ = {isa = PBXFileReference; lastKnownFileType = sourcecode.swift; path = Genre.swift; sourceTree = "<group>"; };
		674641992116992A00FD5183 /* URLSessionExtension.swift */ = {isa = PBXFileReference; lastKnownFileType = sourcecode.swift; path = URLSessionExtension.swift; sourceTree = "<group>"; };
		6746419B21169B2800FD5183 /* MoviesServiceProvider.swift */ = {isa = PBXFileReference; lastKnownFileType = sourcecode.swift; path = MoviesServiceProvider.swift; sourceTree = "<group>"; };
		6746419D2116A22C00FD5183 /* Movies.swift */ = {isa = PBXFileReference; lastKnownFileType = sourcecode.swift; path = Movies.swift; sourceTree = "<group>"; };
		674641A32116A72000FD5183 /* ConfigServiceProvider.swift */ = {isa = PBXFileReference; lastKnownFileType = sourcecode.swift; path = ConfigServiceProvider.swift; sourceTree = "<group>"; };
		675276A221114644001FB501 /* MobileDB.app */ = {isa = PBXFileReference; explicitFileType = wrapper.application; includeInIndex = 0; path = MobileDB.app; sourceTree = BUILT_PRODUCTS_DIR; };
		675276A521114645001FB501 /* AppDelegate.swift */ = {isa = PBXFileReference; lastKnownFileType = sourcecode.swift; path = AppDelegate.swift; sourceTree = "<group>"; };
		675276AA21114645001FB501 /* Base */ = {isa = PBXFileReference; lastKnownFileType = file.storyboard; name = Base; path = Base.lproj/Main.storyboard; sourceTree = "<group>"; };
		675276AC21114647001FB501 /* Assets.xcassets */ = {isa = PBXFileReference; lastKnownFileType = folder.assetcatalog; path = Assets.xcassets; sourceTree = "<group>"; };
		675276AF21114647001FB501 /* Base */ = {isa = PBXFileReference; lastKnownFileType = file.storyboard; name = Base; path = Base.lproj/LaunchScreen.storyboard; sourceTree = "<group>"; };
		675276B121114647001FB501 /* Info.plist */ = {isa = PBXFileReference; lastKnownFileType = text.plist.xml; path = Info.plist; sourceTree = "<group>"; };
		675276B621114647001FB501 /* MobileDBTests.xctest */ = {isa = PBXFileReference; explicitFileType = wrapper.cfbundle; includeInIndex = 0; path = MobileDBTests.xctest; sourceTree = BUILT_PRODUCTS_DIR; };
		675276BA21114647001FB501 /* MobileDBTests.swift */ = {isa = PBXFileReference; lastKnownFileType = sourcecode.swift; path = MobileDBTests.swift; sourceTree = "<group>"; };
		675276BC21114647001FB501 /* Info.plist */ = {isa = PBXFileReference; lastKnownFileType = text.plist.xml; path = Info.plist; sourceTree = "<group>"; };
		67A0B5212115DE5D00C8C82C /* AppSettings.plist */ = {isa = PBXFileReference; lastKnownFileType = text.plist.xml; path = AppSettings.plist; sourceTree = "<group>"; };
		67A0B5262115E17900C8C82C /* RequestableAPI.swift */ = {isa = PBXFileReference; lastKnownFileType = sourcecode.swift; path = RequestableAPI.swift; sourceTree = "<group>"; };
		67A0B52D2115E2DC00C8C82C /* MoviesAPI.swift */ = {isa = PBXFileReference; lastKnownFileType = sourcecode.swift; path = MoviesAPI.swift; sourceTree = "<group>"; };
		67A0B52F2115ED3400C8C82C /* Settings.swift */ = {isa = PBXFileReference; lastKnownFileType = sourcecode.swift; path = Settings.swift; sourceTree = "<group>"; };
		67A0B538211636D200C8C82C /* DictionaryExtension.swift */ = {isa = PBXFileReference; lastKnownFileType = sourcecode.swift; path = DictionaryExtension.swift; sourceTree = "<group>"; };
		67A0B53C2116399900C8C82C /* MoviesAPITest.swift */ = {isa = PBXFileReference; lastKnownFileType = sourcecode.swift; path = MoviesAPITest.swift; sourceTree = "<group>"; };
		D848CC9DA61A66EF583059D1 /* Pods-MobileDBTests.debug.xcconfig */ = {isa = PBXFileReference; includeInIndex = 1; lastKnownFileType = text.xcconfig; name = "Pods-MobileDBTests.debug.xcconfig"; path = "Pods/Target Support Files/Pods-MobileDBTests/Pods-MobileDBTests.debug.xcconfig"; sourceTree = "<group>"; };
/* End PBXFileReference section */

/* Begin PBXFrameworksBuildPhase section */
		6752769F21114644001FB501 /* Frameworks */ = {
			isa = PBXFrameworksBuildPhase;
			buildActionMask = 2147483647;
			files = (
				7BE2229B6CBD0DD91A07B04C /* Pods_MobileDB.framework in Frameworks */,
			);
			runOnlyForDeploymentPostprocessing = 0;
		};
		675276B321114647001FB501 /* Frameworks */ = {
			isa = PBXFrameworksBuildPhase;
			buildActionMask = 2147483647;
			files = (
				A27FA5784BD720E9A51FBADC /* Pods_MobileDBTests.framework in Frameworks */,
			);
			runOnlyForDeploymentPostprocessing = 0;
		};
/* End PBXFrameworksBuildPhase section */

/* Begin PBXGroup section */
		291F7FBEC562EF7D6DB9ABBA /* Frameworks */ = {
			isa = PBXGroup;
			children = (
				0B66FCDE15C64E6F21BB8A51 /* Pods_MobileDB.framework */,
				241728D2E0E19A67978BC526 /* Pods_MobileDBTests.framework */,
			);
			name = Frameworks;
			sourceTree = "<group>";
		};
		67464194211698C100FD5183 /* Model */ = {
			isa = PBXGroup;
			children = (
				67464195211698D900FD5183 /* Movie.swift */,
				67464197211698E400FD5183 /* Genre.swift */,
				6746419D2116A22C00FD5183 /* Movies.swift */,
			);
			path = Model;
			sourceTree = "<group>";
		};
		6752769921114644001FB501 = {
			isa = PBXGroup;
			children = (
				675276A421114644001FB501 /* MobileDB */,
				675276B921114647001FB501 /* MobileDBTests */,
				675276A321114644001FB501 /* Products */,
				7E82315E109B4099EBD08941 /* Pods */,
				291F7FBEC562EF7D6DB9ABBA /* Frameworks */,
			);
			sourceTree = "<group>";
		};
		675276A321114644001FB501 /* Products */ = {
			isa = PBXGroup;
			children = (
				675276A221114644001FB501 /* MobileDB.app */,
				675276B621114647001FB501 /* MobileDBTests.xctest */,
			);
			name = Products;
			sourceTree = "<group>";
		};
		675276A421114644001FB501 /* MobileDB */ = {
			isa = PBXGroup;
			children = (
				675276A521114645001FB501 /* AppDelegate.swift */,
				67A0B536211636B500C8C82C /* Common */,
				67A0B5242115E07C00C8C82C /* Network */,
				67464194211698C100FD5183 /* Model */,
				67A0B5232115DEE000C8C82C /* resource */,
			);
			path = MobileDB;
			sourceTree = "<group>";
		};
		675276B921114647001FB501 /* MobileDBTests */ = {
			isa = PBXGroup;
			children = (
				67A0B53B2116396C00C8C82C /* Service */,
				675276BA21114647001FB501 /* MobileDBTests.swift */,
				675276BC21114647001FB501 /* Info.plist */,
			);
			path = MobileDBTests;
			sourceTree = "<group>";
		};
		67A0B5232115DEE000C8C82C /* resource */ = {
			isa = PBXGroup;
			children = (
				675276A921114645001FB501 /* Main.storyboard */,
				675276B121114647001FB501 /* Info.plist */,
				67A0B5212115DE5D00C8C82C /* AppSettings.plist */,
				675276AE21114647001FB501 /* LaunchScreen.storyboard */,
				675276AC21114647001FB501 /* Assets.xcassets */,
			);
			path = resource;
			sourceTree = "<group>";
		};
		67A0B5242115E07C00C8C82C /* Network */ = {
			isa = PBXGroup;
			children = (
				67A0B52A2115E1E700C8C82C /* enum */,
				67A0B5252115E09100C8C82C /* Protocols */,
				6746419B21169B2800FD5183 /* MoviesServiceProvider.swift */,
				674641A32116A72000FD5183 /* ConfigServiceProvider.swift */,
			);
			path = Network;
			sourceTree = "<group>";
		};
		67A0B5252115E09100C8C82C /* Protocols */ = {
			isa = PBXGroup;
			children = (
				67A0B5262115E17900C8C82C /* RequestableAPI.swift */,
				6746418E2116971500FD5183 /* ServiceProviderProtocol.swift */,
				674641902116981400FD5183 /* SessionHandler.swift */,
			);
			path = Protocols;
			sourceTree = "<group>";
		};
		67A0B52A2115E1E700C8C82C /* enum */ = {
			isa = PBXGroup;
			children = (
				67A0B52D2115E2DC00C8C82C /* MoviesAPI.swift */,
				674641922116984100FD5183 /* ServiceError.swift */,
			);
			path = enum;
			sourceTree = "<group>";
		};
		67A0B536211636B500C8C82C /* Common */ = {
			isa = PBXGroup;
			children = (
				67A0B52F2115ED3400C8C82C /* Settings.swift */,
				67A0B537211636BC00C8C82C /* Extensions */,
			);
			path = Common;
			sourceTree = "<group>";
		};
		67A0B537211636BC00C8C82C /* Extensions */ = {
			isa = PBXGroup;
			children = (
				67A0B538211636D200C8C82C /* DictionaryExtension.swift */,
				674641992116992A00FD5183 /* URLSessionExtension.swift */,
			);
			path = Extensions;
			sourceTree = "<group>";
		};
		67A0B53B2116396C00C8C82C /* Service */ = {
			isa = PBXGroup;
			children = (
				67A0B53C2116399900C8C82C /* MoviesAPITest.swift */,
			);
			path = Service;
			sourceTree = "<group>";
		};
		7E82315E109B4099EBD08941 /* Pods */ = {
			isa = PBXGroup;
			children = (
				0043DC569E73B9D2F1CFD7B4 /* Pods-MobileDB.debug.xcconfig */,
				338E461EDC8B4319FAAB09F5 /* Pods-MobileDB.release.xcconfig */,
				D848CC9DA61A66EF583059D1 /* Pods-MobileDBTests.debug.xcconfig */,
				36CA5800DB188ECB6CDBD711 /* Pods-MobileDBTests.release.xcconfig */,
			);
			name = Pods;
			sourceTree = "<group>";
		};
/* End PBXGroup section */

/* Begin PBXNativeTarget section */
		675276A121114644001FB501 /* MobileDB */ = {
			isa = PBXNativeTarget;
			buildConfigurationList = 675276BF21114647001FB501 /* Build configuration list for PBXNativeTarget "MobileDB" */;
			buildPhases = (
				447858C04EA72E00A19E59BD /* [CP] Check Pods Manifest.lock */,
				6752769E21114644001FB501 /* Sources */,
				6752769F21114644001FB501 /* Frameworks */,
				675276A021114644001FB501 /* Resources */,
				63EBC776A8CCB937ADD30383 /* [CP] Embed Pods Frameworks */,
			);
			buildRules = (
			);
			dependencies = (
			);
			name = MobileDB;
			productName = MobileDB;
			productReference = 675276A221114644001FB501 /* MobileDB.app */;
			productType = "com.apple.product-type.application";
		};
		675276B521114647001FB501 /* MobileDBTests */ = {
			isa = PBXNativeTarget;
			buildConfigurationList = 675276C221114647001FB501 /* Build configuration list for PBXNativeTarget "MobileDBTests" */;
			buildPhases = (
				C6CBD2AC2C0A8E7B34563078 /* [CP] Check Pods Manifest.lock */,
				675276B221114647001FB501 /* Sources */,
				675276B321114647001FB501 /* Frameworks */,
				675276B421114647001FB501 /* Resources */,
				2DF41C9EF786F72154C7F171 /* [CP] Embed Pods Frameworks */,
			);
			buildRules = (
			);
			dependencies = (
				675276B821114647001FB501 /* PBXTargetDependency */,
			);
			name = MobileDBTests;
			productName = MobileDBTests;
			productReference = 675276B621114647001FB501 /* MobileDBTests.xctest */;
			productType = "com.apple.product-type.bundle.unit-test";
		};
/* End PBXNativeTarget section */

/* Begin PBXProject section */
		6752769A21114644001FB501 /* Project object */ = {
			isa = PBXProject;
			attributes = {
				LastSwiftUpdateCheck = 0940;
				LastUpgradeCheck = 0940;
				ORGANIZATIONNAME = ArcTouch;
				TargetAttributes = {
					675276A121114644001FB501 = {
						CreatedOnToolsVersion = 9.4.1;
					};
					675276B521114647001FB501 = {
						CreatedOnToolsVersion = 9.4.1;
						TestTargetID = 675276A121114644001FB501;
					};
				};
			};
			buildConfigurationList = 6752769D21114644001FB501 /* Build configuration list for PBXProject "MobileDB" */;
			compatibilityVersion = "Xcode 9.3";
			developmentRegion = en;
			hasScannedForEncodings = 0;
			knownRegions = (
				en,
				Base,
			);
			mainGroup = 6752769921114644001FB501;
			productRefGroup = 675276A321114644001FB501 /* Products */;
			projectDirPath = "";
			projectRoot = "";
			targets = (
				675276A121114644001FB501 /* MobileDB */,
				675276B521114647001FB501 /* MobileDBTests */,
			);
		};
/* End PBXProject section */

/* Begin PBXResourcesBuildPhase section */
		675276A021114644001FB501 /* Resources */ = {
			isa = PBXResourcesBuildPhase;
			buildActionMask = 2147483647;
			files = (
				675276B021114647001FB501 /* LaunchScreen.storyboard in Resources */,
				67A0B5222115DE5D00C8C82C /* AppSettings.plist in Resources */,
				675276AD21114647001FB501 /* Assets.xcassets in Resources */,
				675276AB21114645001FB501 /* Main.storyboard in Resources */,
			);
			runOnlyForDeploymentPostprocessing = 0;
		};
		675276B421114647001FB501 /* Resources */ = {
			isa = PBXResourcesBuildPhase;
			buildActionMask = 2147483647;
			files = (
			);
			runOnlyForDeploymentPostprocessing = 0;
		};
/* End PBXResourcesBuildPhase section */

/* Begin PBXShellScriptBuildPhase section */
		2DF41C9EF786F72154C7F171 /* [CP] Embed Pods Frameworks */ = {
			isa = PBXShellScriptBuildPhase;
			buildActionMask = 2147483647;
			files = (
			);
			inputPaths = (
				"${SRCROOT}/Pods/Target Support Files/Pods-MobileDBTests/Pods-MobileDBTests-frameworks.sh",
				"${BUILT_PRODUCTS_DIR}/RxSwift/RxSwift.framework",
				"${BUILT_PRODUCTS_DIR}/RxBlocking/RxBlocking.framework",
				"${BUILT_PRODUCTS_DIR}/RxTest/RxTest.framework",
			);
			name = "[CP] Embed Pods Frameworks";
			outputPaths = (
				"${TARGET_BUILD_DIR}/${FRAMEWORKS_FOLDER_PATH}/RxSwift.framework",
				"${TARGET_BUILD_DIR}/${FRAMEWORKS_FOLDER_PATH}/RxBlocking.framework",
				"${TARGET_BUILD_DIR}/${FRAMEWORKS_FOLDER_PATH}/RxTest.framework",
			);
			runOnlyForDeploymentPostprocessing = 0;
			shellPath = /bin/sh;
			shellScript = "\"${SRCROOT}/Pods/Target Support Files/Pods-MobileDBTests/Pods-MobileDBTests-frameworks.sh\"\n";
			showEnvVarsInLog = 0;
		};
		447858C04EA72E00A19E59BD /* [CP] Check Pods Manifest.lock */ = {
			isa = PBXShellScriptBuildPhase;
			buildActionMask = 2147483647;
			files = (
			);
			inputPaths = (
				"${PODS_PODFILE_DIR_PATH}/Podfile.lock",
				"${PODS_ROOT}/Manifest.lock",
			);
			name = "[CP] Check Pods Manifest.lock";
			outputPaths = (
				"$(DERIVED_FILE_DIR)/Pods-MobileDB-checkManifestLockResult.txt",
			);
			runOnlyForDeploymentPostprocessing = 0;
			shellPath = /bin/sh;
			shellScript = "diff \"${PODS_PODFILE_DIR_PATH}/Podfile.lock\" \"${PODS_ROOT}/Manifest.lock\" > /dev/null\nif [ $? != 0 ] ; then\n    # print error to STDERR\n    echo \"error: The sandbox is not in sync with the Podfile.lock. Run 'pod install' or update your CocoaPods installation.\" >&2\n    exit 1\nfi\n# This output is used by Xcode 'outputs' to avoid re-running this script phase.\necho \"SUCCESS\" > \"${SCRIPT_OUTPUT_FILE_0}\"\n";
			showEnvVarsInLog = 0;
		};
		63EBC776A8CCB937ADD30383 /* [CP] Embed Pods Frameworks */ = {
			isa = PBXShellScriptBuildPhase;
			buildActionMask = 2147483647;
			files = (
			);
			inputPaths = (
				"${SRCROOT}/Pods/Target Support Files/Pods-MobileDB/Pods-MobileDB-frameworks.sh",
				"${BUILT_PRODUCTS_DIR}/RxCocoa/RxCocoa.framework",
				"${BUILT_PRODUCTS_DIR}/RxSwift/RxSwift.framework",
			);
			name = "[CP] Embed Pods Frameworks";
			outputPaths = (
				"${TARGET_BUILD_DIR}/${FRAMEWORKS_FOLDER_PATH}/RxCocoa.framework",
				"${TARGET_BUILD_DIR}/${FRAMEWORKS_FOLDER_PATH}/RxSwift.framework",
			);
			runOnlyForDeploymentPostprocessing = 0;
			shellPath = /bin/sh;
			shellScript = "\"${SRCROOT}/Pods/Target Support Files/Pods-MobileDB/Pods-MobileDB-frameworks.sh\"\n";
			showEnvVarsInLog = 0;
		};
		C6CBD2AC2C0A8E7B34563078 /* [CP] Check Pods Manifest.lock */ = {
			isa = PBXShellScriptBuildPhase;
			buildActionMask = 2147483647;
			files = (
			);
			inputPaths = (
				"${PODS_PODFILE_DIR_PATH}/Podfile.lock",
				"${PODS_ROOT}/Manifest.lock",
			);
			name = "[CP] Check Pods Manifest.lock";
			outputPaths = (
				"$(DERIVED_FILE_DIR)/Pods-MobileDBTests-checkManifestLockResult.txt",
			);
			runOnlyForDeploymentPostprocessing = 0;
			shellPath = /bin/sh;
			shellScript = "diff \"${PODS_PODFILE_DIR_PATH}/Podfile.lock\" \"${PODS_ROOT}/Manifest.lock\" > /dev/null\nif [ $? != 0 ] ; then\n    # print error to STDERR\n    echo \"error: The sandbox is not in sync with the Podfile.lock. Run 'pod install' or update your CocoaPods installation.\" >&2\n    exit 1\nfi\n# This output is used by Xcode 'outputs' to avoid re-running this script phase.\necho \"SUCCESS\" > \"${SCRIPT_OUTPUT_FILE_0}\"\n";
			showEnvVarsInLog = 0;
		};
/* End PBXShellScriptBuildPhase section */

/* Begin PBXSourcesBuildPhase section */
		6752769E21114644001FB501 /* Sources */ = {
			isa = PBXSourcesBuildPhase;
			buildActionMask = 2147483647;
			files = (
				67A0B5302115ED3400C8C82C /* Settings.swift in Sources */,
				674641912116981400FD5183 /* SessionHandler.swift in Sources */,
				67464196211698D900FD5183 /* Movie.swift in Sources */,
				6746418F2116971500FD5183 /* ServiceProviderProtocol.swift in Sources */,
				67A0B52E2115E2DC00C8C82C /* MoviesAPI.swift in Sources */,
				67A0B5272115E17900C8C82C /* RequestableAPI.swift in Sources */,
				674641932116984100FD5183 /* ServiceError.swift in Sources */,
				674641A42116A72000FD5183 /* ConfigServiceProvider.swift in Sources */,
				67A0B539211636D200C8C82C /* DictionaryExtension.swift in Sources */,
				675276A621114645001FB501 /* AppDelegate.swift in Sources */,
				6746419C21169B2800FD5183 /* MoviesServiceProvider.swift in Sources */,
				6746419E2116A22C00FD5183 /* Movies.swift in Sources */,
				67464198211698E400FD5183 /* Genre.swift in Sources */,
				6746419A2116992A00FD5183 /* URLSessionExtension.swift in Sources */,
			);
			runOnlyForDeploymentPostprocessing = 0;
		};
		675276B221114647001FB501 /* Sources */ = {
			isa = PBXSourcesBuildPhase;
			buildActionMask = 2147483647;
			files = (
				675276BB21114647001FB501 /* MobileDBTests.swift in Sources */,
				67A0B53D2116399900C8C82C /* MoviesAPITest.swift in Sources */,
			);
			runOnlyForDeploymentPostprocessing = 0;
		};
/* End PBXSourcesBuildPhase section */

/* Begin PBXTargetDependency section */
		675276B821114647001FB501 /* PBXTargetDependency */ = {
			isa = PBXTargetDependency;
			target = 675276A121114644001FB501 /* MobileDB */;
			targetProxy = 675276B721114647001FB501 /* PBXContainerItemProxy */;
		};
/* End PBXTargetDependency section */

/* Begin PBXVariantGroup section */
		675276A921114645001FB501 /* Main.storyboard */ = {
			isa = PBXVariantGroup;
			children = (
				675276AA21114645001FB501 /* Base */,
			);
			name = Main.storyboard;
			sourceTree = "<group>";
		};
		675276AE21114647001FB501 /* LaunchScreen.storyboard */ = {
			isa = PBXVariantGroup;
			children = (
				675276AF21114647001FB501 /* Base */,
			);
			name = LaunchScreen.storyboard;
			sourceTree = "<group>";
		};
/* End PBXVariantGroup section */

/* Begin XCBuildConfiguration section */
		675276BD21114647001FB501 /* Debug */ = {
			isa = XCBuildConfiguration;
			buildSettings = {
				ALWAYS_SEARCH_USER_PATHS = NO;
				CLANG_ANALYZER_NONNULL = YES;
				CLANG_ANALYZER_NUMBER_OBJECT_CONVERSION = YES_AGGRESSIVE;
				CLANG_CXX_LANGUAGE_STANDARD = "gnu++14";
				CLANG_CXX_LIBRARY = "libc++";
				CLANG_ENABLE_MODULES = YES;
				CLANG_ENABLE_OBJC_ARC = YES;
				CLANG_ENABLE_OBJC_WEAK = YES;
				CLANG_WARN_BLOCK_CAPTURE_AUTORELEASING = YES;
				CLANG_WARN_BOOL_CONVERSION = YES;
				CLANG_WARN_COMMA = YES;
				CLANG_WARN_CONSTANT_CONVERSION = YES;
				CLANG_WARN_DEPRECATED_OBJC_IMPLEMENTATIONS = YES;
				CLANG_WARN_DIRECT_OBJC_ISA_USAGE = YES_ERROR;
				CLANG_WARN_DOCUMENTATION_COMMENTS = YES;
				CLANG_WARN_EMPTY_BODY = YES;
				CLANG_WARN_ENUM_CONVERSION = YES;
				CLANG_WARN_INFINITE_RECURSION = YES;
				CLANG_WARN_INT_CONVERSION = YES;
				CLANG_WARN_NON_LITERAL_NULL_CONVERSION = YES;
				CLANG_WARN_OBJC_IMPLICIT_RETAIN_SELF = YES;
				CLANG_WARN_OBJC_LITERAL_CONVERSION = YES;
				CLANG_WARN_OBJC_ROOT_CLASS = YES_ERROR;
				CLANG_WARN_RANGE_LOOP_ANALYSIS = YES;
				CLANG_WARN_STRICT_PROTOTYPES = YES;
				CLANG_WARN_SUSPICIOUS_MOVE = YES;
				CLANG_WARN_UNGUARDED_AVAILABILITY = YES_AGGRESSIVE;
				CLANG_WARN_UNREACHABLE_CODE = YES;
				CLANG_WARN__DUPLICATE_METHOD_MATCH = YES;
				CODE_SIGN_IDENTITY = "iPhone Developer";
				COPY_PHASE_STRIP = NO;
				DEBUG_INFORMATION_FORMAT = dwarf;
				ENABLE_STRICT_OBJC_MSGSEND = YES;
				ENABLE_TESTABILITY = YES;
				GCC_C_LANGUAGE_STANDARD = gnu11;
				GCC_DYNAMIC_NO_PIC = NO;
				GCC_NO_COMMON_BLOCKS = YES;
				GCC_OPTIMIZATION_LEVEL = 0;
				GCC_PREPROCESSOR_DEFINITIONS = (
					"DEBUG=1",
					"$(inherited)",
				);
				GCC_WARN_64_TO_32_BIT_CONVERSION = YES;
				GCC_WARN_ABOUT_RETURN_TYPE = YES_ERROR;
				GCC_WARN_UNDECLARED_SELECTOR = YES;
				GCC_WARN_UNINITIALIZED_AUTOS = YES_AGGRESSIVE;
				GCC_WARN_UNUSED_FUNCTION = YES;
				GCC_WARN_UNUSED_VARIABLE = YES;
				IPHONEOS_DEPLOYMENT_TARGET = 11.4;
				MTL_ENABLE_DEBUG_INFO = YES;
				ONLY_ACTIVE_ARCH = YES;
				SDKROOT = iphoneos;
				SWIFT_ACTIVE_COMPILATION_CONDITIONS = DEBUG;
				SWIFT_OPTIMIZATION_LEVEL = "-Onone";
			};
			name = Debug;
		};
		675276BE21114647001FB501 /* Release */ = {
			isa = XCBuildConfiguration;
			buildSettings = {
				ALWAYS_SEARCH_USER_PATHS = NO;
				CLANG_ANALYZER_NONNULL = YES;
				CLANG_ANALYZER_NUMBER_OBJECT_CONVERSION = YES_AGGRESSIVE;
				CLANG_CXX_LANGUAGE_STANDARD = "gnu++14";
				CLANG_CXX_LIBRARY = "libc++";
				CLANG_ENABLE_MODULES = YES;
				CLANG_ENABLE_OBJC_ARC = YES;
				CLANG_ENABLE_OBJC_WEAK = YES;
				CLANG_WARN_BLOCK_CAPTURE_AUTORELEASING = YES;
				CLANG_WARN_BOOL_CONVERSION = YES;
				CLANG_WARN_COMMA = YES;
				CLANG_WARN_CONSTANT_CONVERSION = YES;
				CLANG_WARN_DEPRECATED_OBJC_IMPLEMENTATIONS = YES;
				CLANG_WARN_DIRECT_OBJC_ISA_USAGE = YES_ERROR;
				CLANG_WARN_DOCUMENTATION_COMMENTS = YES;
				CLANG_WARN_EMPTY_BODY = YES;
				CLANG_WARN_ENUM_CONVERSION = YES;
				CLANG_WARN_INFINITE_RECURSION = YES;
				CLANG_WARN_INT_CONVERSION = YES;
				CLANG_WARN_NON_LITERAL_NULL_CONVERSION = YES;
				CLANG_WARN_OBJC_IMPLICIT_RETAIN_SELF = YES;
				CLANG_WARN_OBJC_LITERAL_CONVERSION = YES;
				CLANG_WARN_OBJC_ROOT_CLASS = YES_ERROR;
				CLANG_WARN_RANGE_LOOP_ANALYSIS = YES;
				CLANG_WARN_STRICT_PROTOTYPES = YES;
				CLANG_WARN_SUSPICIOUS_MOVE = YES;
				CLANG_WARN_UNGUARDED_AVAILABILITY = YES_AGGRESSIVE;
				CLANG_WARN_UNREACHABLE_CODE = YES;
				CLANG_WARN__DUPLICATE_METHOD_MATCH = YES;
				CODE_SIGN_IDENTITY = "iPhone Developer";
				COPY_PHASE_STRIP = NO;
				DEBUG_INFORMATION_FORMAT = "dwarf-with-dsym";
				ENABLE_NS_ASSERTIONS = NO;
				ENABLE_STRICT_OBJC_MSGSEND = YES;
				GCC_C_LANGUAGE_STANDARD = gnu11;
				GCC_NO_COMMON_BLOCKS = YES;
				GCC_WARN_64_TO_32_BIT_CONVERSION = YES;
				GCC_WARN_ABOUT_RETURN_TYPE = YES_ERROR;
				GCC_WARN_UNDECLARED_SELECTOR = YES;
				GCC_WARN_UNINITIALIZED_AUTOS = YES_AGGRESSIVE;
				GCC_WARN_UNUSED_FUNCTION = YES;
				GCC_WARN_UNUSED_VARIABLE = YES;
				IPHONEOS_DEPLOYMENT_TARGET = 11.4;
				MTL_ENABLE_DEBUG_INFO = NO;
				SDKROOT = iphoneos;
				SWIFT_COMPILATION_MODE = wholemodule;
				SWIFT_OPTIMIZATION_LEVEL = "-O";
				VALIDATE_PRODUCT = YES;
			};
			name = Release;
		};
		675276C021114647001FB501 /* Debug */ = {
			isa = XCBuildConfiguration;
			baseConfigurationReference = 0043DC569E73B9D2F1CFD7B4 /* Pods-MobileDB.debug.xcconfig */;
			buildSettings = {
				ASSETCATALOG_COMPILER_APPICON_NAME = AppIcon;
				CODE_SIGN_STYLE = Manual;
				DEVELOPMENT_TEAM = "";
				INFOPLIST_FILE = MobileDB/resource/Info.plist;
				IPHONEOS_DEPLOYMENT_TARGET = 11.0;
				LD_RUNPATH_SEARCH_PATHS = (
					"$(inherited)",
					"@executable_path/Frameworks",
				);
				PRODUCT_BUNDLE_IDENTIFIER = com.arctouch.MobileDB;
				PRODUCT_NAME = "$(TARGET_NAME)";
				PROVISIONING_PROFILE_SPECIFIER = "";
				SWIFT_VERSION = 4.0;
				TARGETED_DEVICE_FAMILY = "1,2";
			};
			name = Debug;
		};
		675276C121114647001FB501 /* Release */ = {
			isa = XCBuildConfiguration;
			baseConfigurationReference = 338E461EDC8B4319FAAB09F5 /* Pods-MobileDB.release.xcconfig */;
			buildSettings = {
				ASSETCATALOG_COMPILER_APPICON_NAME = AppIcon;
				CODE_SIGN_STYLE = Manual;
				DEVELOPMENT_TEAM = "";
				INFOPLIST_FILE = MobileDB/resource/Info.plist;
				IPHONEOS_DEPLOYMENT_TARGET = 11.0;
				LD_RUNPATH_SEARCH_PATHS = (
					"$(inherited)",
					"@executable_path/Frameworks",
				);
				PRODUCT_BUNDLE_IDENTIFIER = com.arctouch.MobileDB;
				PRODUCT_NAME = "$(TARGET_NAME)";
				PROVISIONING_PROFILE_SPECIFIER = "";
				SWIFT_VERSION = 4.0;
				TARGETED_DEVICE_FAMILY = "1,2";
			};
			name = Release;
		};
		675276C321114647001FB501 /* Debug */ = {
			isa = XCBuildConfiguration;
			baseConfigurationReference = D848CC9DA61A66EF583059D1 /* Pods-MobileDBTests.debug.xcconfig */;
			buildSettings = {
				ALWAYS_EMBED_SWIFT_STANDARD_LIBRARIES = YES;
				BUNDLE_LOADER = "$(TEST_HOST)";
				CODE_SIGN_STYLE = Automatic;
				DEVELOPMENT_TEAM = 3N8S6HR6EJ;
				INFOPLIST_FILE = MobileDBTests/Info.plist;
				LD_RUNPATH_SEARCH_PATHS = (
					"$(inherited)",
					"@executable_path/Frameworks",
					"@loader_path/Frameworks",
				);
				PRODUCT_BUNDLE_IDENTIFIER = com.arctouch.MobileDBTests;
				PRODUCT_NAME = "$(TARGET_NAME)";
				SWIFT_VERSION = 4.0;
				TARGETED_DEVICE_FAMILY = "1,2";
				TEST_HOST = "$(BUILT_PRODUCTS_DIR)/MobileDB.app/MobileDB";
			};
			name = Debug;
		};
		675276C421114647001FB501 /* Release */ = {
			isa = XCBuildConfiguration;
			baseConfigurationReference = 36CA5800DB188ECB6CDBD711 /* Pods-MobileDBTests.release.xcconfig */;
			buildSettings = {
				ALWAYS_EMBED_SWIFT_STANDARD_LIBRARIES = YES;
				BUNDLE_LOADER = "$(TEST_HOST)";
				CODE_SIGN_STYLE = Automatic;
				DEVELOPMENT_TEAM = 3N8S6HR6EJ;
				INFOPLIST_FILE = MobileDBTests/Info.plist;
				LD_RUNPATH_SEARCH_PATHS = (
					"$(inherited)",
					"@executable_path/Frameworks",
					"@loader_path/Frameworks",
				);
				PRODUCT_BUNDLE_IDENTIFIER = com.arctouch.MobileDBTests;
				PRODUCT_NAME = "$(TARGET_NAME)";
				SWIFT_VERSION = 4.0;
				TARGETED_DEVICE_FAMILY = "1,2";
				TEST_HOST = "$(BUILT_PRODUCTS_DIR)/MobileDB.app/MobileDB";
			};
			name = Release;
		};
/* End XCBuildConfiguration section */

/* Begin XCConfigurationList section */
		6752769D21114644001FB501 /* Build configuration list for PBXProject "MobileDB" */ = {
			isa = XCConfigurationList;
			buildConfigurations = (
				675276BD21114647001FB501 /* Debug */,
				675276BE21114647001FB501 /* Release */,
			);
			defaultConfigurationIsVisible = 0;
			defaultConfigurationName = Release;
		};
		675276BF21114647001FB501 /* Build configuration list for PBXNativeTarget "MobileDB" */ = {
			isa = XCConfigurationList;
			buildConfigurations = (
				675276C021114647001FB501 /* Debug */,
				675276C121114647001FB501 /* Release */,
			);
			defaultConfigurationIsVisible = 0;
			defaultConfigurationName = Release;
		};
		675276C221114647001FB501 /* Build configuration list for PBXNativeTarget "MobileDBTests" */ = {
			isa = XCConfigurationList;
			buildConfigurations = (
				675276C321114647001FB501 /* Debug */,
				675276C421114647001FB501 /* Release */,
			);
			defaultConfigurationIsVisible = 0;
			defaultConfigurationName = Release;
		};
/* End XCConfigurationList section */
	};
	rootObject = 6752769A21114644001FB501 /* Project object */;
}
